// !$*UTF8*$!
{
	archiveVersion = 1;
	classes = {
	};
	objectVersion = 46;
	objects = {

/* Begin PBXBuildFile section */
		25EBED58CBB7EFA817A27B0D /* StoredImageView.swift in Sources */ = {isa = PBXBuildFile; fileRef = A2FC4E54CFCDDB8993A0999A /* StoredImageView.swift */; };
		2A49D47A846EC868D709E4E6 /* CaptureView.swift in Sources */ = {isa = PBXBuildFile; fileRef = 872CE0A98DC98769A19E8C4F /* CaptureView.swift */; };
		2E7D726961D0C1A0F250F3A1 /* Foundation.framework in Frameworks */ = {isa = PBXBuildFile; fileRef = 967BEF2D565B94E8EC6F4EF3 /* Foundation.framework */; };
		355052060807A9142F13B2C1 /* Assets.xcassets in Sources */ = {isa = PBXBuildFile; fileRef = 5C0C1CE8A57605EDE232C146 /* Assets.xcassets */; };
		4A31E0703AD4C8BD186596FE /* CatCardView.swift in Sources */ = {isa = PBXBuildFile; fileRef = EFDD8B2A8E859982240AAF1B /* CatCardView.swift */; };
		6FC5B067FF532B333FABD953 /* Foundation.framework in Frameworks */ = {isa = PBXBuildFile; fileRef = 967BEF2D565B94E8EC6F4EF3 /* Foundation.framework */; };
		719658CD6B4B2F4F6A26FB22 /* CameraController.swift in Sources */ = {isa = PBXBuildFile; fileRef = 43A3A8DDF9E12EB996E7D22C /* CameraController.swift */; };
		8F847FED1F5449C0F43A9747 /* CollectionView.swift in Sources */ = {isa = PBXBuildFile; fileRef = F2FBE7F3793602ECCC9827A9 /* CollectionView.swift */; };
		9137CE1F99BC861E1406F6A1 /* CatRecord.swift in Sources */ = {isa = PBXBuildFile; fileRef = F4BAC1D9BEDD36E357BB086E /* CatRecord.swift */; };
		916D253087912F72BBC53ADC /* CatImageStore.swift in Sources */ = {isa = PBXBuildFile; fileRef = 85591EB21ABD2F35EF504327 /* CatImageStore.swift */; };
		A1069F8537A27BFAD0DCDFD1 /* CatLocalApp.swift in Sources */ = {isa = PBXBuildFile; fileRef = 683862D5532B40306057D2FC /* CatLocalApp.swift */; };
		A10C1F000000000000000011 /* LociPose.swift in Sources */ = {isa = PBXBuildFile; fileRef = A10C1F000000000000000001 /* LociPose.swift */; };
		A10C1F000000000000000012 /* LociMascotAnimation.swift in Sources */ = {isa = PBXBuildFile; fileRef = A10C1F000000000000000002 /* LociMascotAnimation.swift */; };
		A10C1F000000000000000013 /* LociContext.swift in Sources */ = {isa = PBXBuildFile; fileRef = A10C1F000000000000000003 /* LociContext.swift */; };
		A10C1F000000000000000014 /* LociMascotView.swift in Sources */ = {isa = PBXBuildFile; fileRef = A10C1F000000000000000004 /* LociMascotView.swift */; };
		A10C1F000000000000000015 /* LociCardHeroScene.swift in Sources */ = {isa = PBXBuildFile; fileRef = A10C1F000000000000000005 /* LociCardHeroScene.swift */; };
		A10C1F000000000000000016 /* LociStateView.swift in Sources */ = {isa = PBXBuildFile; fileRef = A10C1F000000000000000006 /* LociStateView.swift */; };
		A10C1F000000000000000018 /* CatLocalCardSkeletonView.swift in Sources */ = {isa = PBXBuildFile; fileRef = A10C1F000000000000000008 /* CatLocalCardSkeletonView.swift */; };
		A40767F8673B5D8FF238D313 /* FocusedCardView.swift in Sources */ = {isa = PBXBuildFile; fileRef = D58C11AD2A0BE295FE2FDE73 /* FocusedCardView.swift */; };
		A51BF322F9A811A7B3A601F0 /* Foundation.framework in Frameworks */ = {isa = PBXBuildFile; fileRef = 967BEF2D565B94E8EC6F4EF3 /* Foundation.framework */; };
		B00000000000000000000002 /* OnboardingView.swift in Sources */ = {isa = PBXBuildFile; fileRef = B00000000000000000000001 /* OnboardingView.swift */; };
		BA93CEB9F3312E542294D25B /* RootView.swift in Sources */ = {isa = PBXBuildFile; fileRef = C8B964E0402B2EFBC1640AA3 /* RootView.swift */; };
		C22F46ED2FEBDC7400385C0F /* LiveInteractiveCardView.swift in Sources */ = {isa = PBXBuildFile; fileRef = C22F46EC2FEBDC6F00385C0F /* LiveInteractiveCardView.swift */; };
		C982ADF153B9B1AF278AD467 /* CatVisionProcessor.swift in Sources */ = {isa = PBXBuildFile; fileRef = FEAFBCFBDEEE3B140EB0F707 /* CatVisionProcessor.swift */; };
		D1A7C0DE0000000000000001 /* DustingRevealView.swift in Sources */ = {isa = PBXBuildFile; fileRef = D1A7C0DE0000000000000002 /* DustingRevealView.swift */; };
		D1A7C0E00000000000000001 /* DustRevealShaders.metal in Sources */ = {isa = PBXBuildFile; fileRef = D1A7C0E00000000000000002 /* DustRevealShaders.metal */; };
		D1A7C0DF0000000000000001 /* CardMintingSuccessView.swift in Sources */ = {isa = PBXBuildFile; fileRef = D1A7C0DF0000000000000002 /* CardMintingSuccessView.swift */; };
		D9A100000000000000000002 /* PrivacyInfo.xcprivacy in Resources */ = {isa = PBXBuildFile; fileRef = D9A100000000000000000001 /* PrivacyInfo.xcprivacy */; };
		D9A100000000000000000004 /* AppIcon.icon in Resources */ = {isa = PBXBuildFile; fileRef = D9A100000000000000000003 /* AppIcon.icon */; };
		F3D62FB694EA4B9B098653C8 /* CatLocalCoreTests.swift in Sources */ = {isa = PBXBuildFile; fileRef = DDEA3652F9D08C3C1F43DC5B /* CatLocalCoreTests.swift */; };
		F520AAC5A08D2F036EA19216 /* CatLocalTheme.swift in Sources */ = {isa = PBXBuildFile; fileRef = 2B34D0EFB9539E239D6122F2 /* CatLocalTheme.swift */; };
		FAA0C6C0FC0555510763A31F /* CatLocalUITests.swift in Sources */ = {isa = PBXBuildFile; fileRef = 9F01F95B5EC6531850C07090 /* CatLocalUITests.swift */; };
		FC94F24335207D1097802B52 /* SettingsView.swift in Sources */ = {isa = PBXBuildFile; fileRef = 4DD6277F493A6531139863AF /* SettingsView.swift */; };
/* End PBXBuildFile section */

/* Begin PBXContainerItemProxy section */
		9F85F263B6089829D3CC3419 /* PBXContainerItemProxy */ = {
			isa = PBXContainerItemProxy;
			containerPortal = 9F330F157DB25C309FA6F45C /* Project object */;
			proxyType = 1;
			remoteGlobalIDString = 4C345592E23D19C862941792;
			remoteInfo = CatLocal;
		};
		B8E16820134D27BE3C478258 /* PBXContainerItemProxy */ = {
			isa = PBXContainerItemProxy;
			containerPortal = 9F330F157DB25C309FA6F45C /* Project object */;
			proxyType = 1;
			remoteGlobalIDString = 4C345592E23D19C862941792;
			remoteInfo = CatLocal;
		};
/* End PBXContainerItemProxy section */

/* Begin PBXFileReference section */
		2B34D0EFB9539E239D6122F2 /* CatLocalTheme.swift */ = {isa = PBXFileReference; includeInIndex = 1; lastKnownFileType = sourcecode.swift; name = CatLocalTheme.swift; path = CatLocal/Shared/DesignSystem/CatLocalTheme.swift; sourceTree = "<group>"; };
		43A3A8DDF9E12EB996E7D22C /* CameraController.swift */ = {isa = PBXFileReference; includeInIndex = 1; lastKnownFileType = sourcecode.swift; name = CameraController.swift; path = CatLocal/Core/Services/CameraController.swift; sourceTree = "<group>"; };
		4DD6277F493A6531139863AF /* SettingsView.swift */ = {isa = PBXFileReference; includeInIndex = 1; lastKnownFileType = sourcecode.swift; name = SettingsView.swift; path = CatLocal/Features/Settings/SettingsView.swift; sourceTree = "<group>"; };
		5C0C1CE8A57605EDE232C146 /* Assets.xcassets */ = {isa = PBXFileReference; includeInIndex = 1; lastKnownFileType = folder.assetcatalog; name = Assets.xcassets; path = CatLocal/Resources/Assets.xcassets; sourceTree = "<group>"; };
		683862D5532B40306057D2FC /* CatLocalApp.swift */ = {isa = PBXFileReference; includeInIndex = 1; lastKnownFileType = sourcecode.swift; name = CatLocalApp.swift; path = CatLocal/App/CatLocalApp.swift; sourceTree = "<group>"; };
		85591EB21ABD2F35EF504327 /* CatImageStore.swift */ = {isa = PBXFileReference; includeInIndex = 1; lastKnownFileType = sourcecode.swift; name = CatImageStore.swift; path = CatLocal/Core/Services/CatImageStore.swift; sourceTree = "<group>"; };
		872CE0A98DC98769A19E8C4F /* CaptureView.swift */ = {isa = PBXFileReference; includeInIndex = 1; lastKnownFileType = sourcecode.swift; name = CaptureView.swift; path = CatLocal/Features/Capture/CaptureView.swift; sourceTree = "<group>"; };
		89C160CA64DB03DC6DEC2A8E /* CatLocalTests.xctest */ = {isa = PBXFileReference; explicitFileType = wrapper.cfbundle; includeInIndex = 0; path = CatLocalTests.xctest; sourceTree = BUILT_PRODUCTS_DIR; };
		8C47EA3464B1FBC2455EE014 /* CatLocal.app */ = {isa = PBXFileReference; explicitFileType = wrapper.application; includeInIndex = 0; path = CatLocal.app; sourceTree = BUILT_PRODUCTS_DIR; };
		967BEF2D565B94E8EC6F4EF3 /* Foundation.framework */ = {isa = PBXFileReference; lastKnownFileType = wrapper.framework; name = Foundation.framework; path = Platforms/iPhoneOS.platform/Developer/SDKs/iPhoneOS18.0.sdk/System/Library/Frameworks/Foundation.framework; sourceTree = DEVELOPER_DIR; };
		9F01F95B5EC6531850C07090 /* CatLocalUITests.swift */ = {isa = PBXFileReference; includeInIndex = 1; lastKnownFileType = sourcecode.swift; name = CatLocalUITests.swift; path = CatLocalUITests/CatLocalUITests.swift; sourceTree = "<group>"; };
		9F13918D6D9901DE5CBD9D7F /* CatLocalUITests.xctest */ = {isa = PBXFileReference; explicitFileType = wrapper.cfbundle; includeInIndex = 0; path = CatLocalUITests.xctest; sourceTree = BUILT_PRODUCTS_DIR; };
		A10C1F000000000000000001 /* LociPose.swift */ = {isa = PBXFileReference; includeInIndex = 1; lastKnownFileType = sourcecode.swift; name = LociPose.swift; path = CatLocal/Shared/UI/Loci/LociPose.swift; sourceTree = "<group>"; };
		A10C1F000000000000000002 /* LociMascotAnimation.swift */ = {isa = PBXFileReference; includeInIndex = 1; lastKnownFileType = sourcecode.swift; name = LociMascotAnimation.swift; path = CatLocal/Shared/UI/Loci/LociMascotAnimation.swift; sourceTree = "<group>"; };
		A10C1F000000000000000003 /* LociContext.swift */ = {isa = PBXFileReference; includeInIndex = 1; lastKnownFileType = sourcecode.swift; name = LociContext.swift; path = CatLocal/Shared/UI/Loci/LociContext.swift; sourceTree = "<group>"; };
		A10C1F000000000000000004 /* LociMascotView.swift */ = {isa = PBXFileReference; includeInIndex = 1; lastKnownFileType = sourcecode.swift; name = LociMascotView.swift; path = CatLocal/Shared/UI/Loci/LociMascotView.swift; sourceTree = "<group>"; };
		A10C1F000000000000000005 /* LociCardHeroScene.swift */ = {isa = PBXFileReference; includeInIndex = 1; lastKnownFileType = sourcecode.swift; name = LociCardHeroScene.swift; path = CatLocal/Shared/UI/Loci/LociCardHeroScene.swift; sourceTree = "<group>"; };
		A10C1F000000000000000006 /* LociStateView.swift */ = {isa = PBXFileReference; includeInIndex = 1; lastKnownFileType = sourcecode.swift; name = LociStateView.swift; path = CatLocal/Shared/UI/Loci/LociStateView.swift; sourceTree = "<group>"; };
		A10C1F000000000000000008 /* CatLocalCardSkeletonView.swift */ = {isa = PBXFileReference; includeInIndex = 1; lastKnownFileType = sourcecode.swift; name = CatLocalCardSkeletonView.swift; path = CatLocal/Shared/UI/Card/CatLocalCardSkeletonView.swift; sourceTree = "<group>"; };
		A2FC4E54CFCDDB8993A0999A /* StoredImageView.swift */ = {isa = PBXFileReference; includeInIndex = 1; lastKnownFileType = sourcecode.swift; name = StoredImageView.swift; path = CatLocal/Shared/UI/Images/StoredImageView.swift; sourceTree = "<group>"; };
		B00000000000000000000001 /* OnboardingView.swift */ = {isa = PBXFileReference; includeInIndex = 1; lastKnownFileType = sourcecode.swift; name = OnboardingView.swift; path = CatLocal/Features/Onboarding/OnboardingView.swift; sourceTree = "<group>"; };
		C22F46EC2FEBDC6F00385C0F /* LiveInteractiveCardView.swift */ = {isa = PBXFileReference; includeInIndex = 1; lastKnownFileType = sourcecode.swift; name = LiveInteractiveCardView.swift; path = CatLocal/Shared/UI/Effects/LiveInteractiveCardView.swift; sourceTree = "<group>"; };
		C8B964E0402B2EFBC1640AA3 /* RootView.swift */ = {isa = PBXFileReference; includeInIndex = 1; lastKnownFileType = sourcecode.swift; name = RootView.swift; path = CatLocal/App/RootView.swift; sourceTree = "<group>"; };
		D1A7C0DE0000000000000002 /* DustingRevealView.swift */ = {isa = PBXFileReference; includeInIndex = 1; lastKnownFileType = sourcecode.swift; name = DustingRevealView.swift; path = CatLocal/Shared/UI/Effects/DustingRevealView.swift; sourceTree = "<group>"; };
		D1A7C0E00000000000000002 /* DustRevealShaders.metal */ = {isa = PBXFileReference; includeInIndex = 1; lastKnownFileType = sourcecode.metal; name = DustRevealShaders.metal; path = CatLocal/Shared/UI/Effects/DustRevealShaders.metal; sourceTree = "<group>"; };
		D1A7C0DF0000000000000002 /* CardMintingSuccessView.swift */ = {isa = PBXFileReference; includeInIndex = 1; lastKnownFileType = sourcecode.swift; name = CardMintingSuccessView.swift; path = CatLocal/Shared/UI/Effects/CardMintingSuccessView.swift; sourceTree = "<group>"; };
		D58C11AD2A0BE295FE2FDE73 /* FocusedCardView.swift */ = {isa = PBXFileReference; includeInIndex = 1; lastKnownFileType = sourcecode.swift; name = FocusedCardView.swift; path = CatLocal/Shared/UI/Card/FocusedCardView.swift; sourceTree = "<group>"; };
		D9A100000000000000000001 /* PrivacyInfo.xcprivacy */ = {isa = PBXFileReference; includeInIndex = 1; lastKnownFileType = text.xml; name = PrivacyInfo.xcprivacy; path = CatLocal/Resources/PrivacyInfo.xcprivacy; sourceTree = "<group>"; };
		D9A100000000000000000003 /* AppIcon.icon */ = {isa = PBXFileReference; includeInIndex = 1; lastKnownFileType = folder.iconcomposer.icon; name = AppIcon.icon; path = CatLocal/Resources/AppIcon.icon; sourceTree = "<group>"; };
		DDEA3652F9D08C3C1F43DC5B /* CatLocalCoreTests.swift */ = {isa = PBXFileReference; includeInIndex = 1; lastKnownFileType = sourcecode.swift; name = CatLocalCoreTests.swift; path = CatLocalTests/CatLocalCoreTests.swift; sourceTree = "<group>"; };
		EFDD8B2A8E859982240AAF1B /* CatCardView.swift */ = {isa = PBXFileReference; includeInIndex = 1; lastKnownFileType = sourcecode.swift; name = CatCardView.swift; path = CatLocal/Shared/UI/Card/CatCardView.swift; sourceTree = "<group>"; };
		F2FBE7F3793602ECCC9827A9 /* CollectionView.swift */ = {isa = PBXFileReference; includeInIndex = 1; lastKnownFileType = sourcecode.swift; name = CollectionView.swift; path = CatLocal/Features/Collection/CollectionView.swift; sourceTree = "<group>"; };
		F4BAC1D9BEDD36E357BB086E /* CatRecord.swift */ = {isa = PBXFileReference; includeInIndex = 1; lastKnownFileType = sourcecode.swift; name = CatRecord.swift; path = CatLocal/Core/Models/CatRecord.swift; sourceTree = "<group>"; };
		FEAFBCFBDEEE3B140EB0F707 /* CatVisionProcessor.swift */ = {isa = PBXFileReference; includeInIndex = 1; lastKnownFileType = sourcecode.swift; name = CatVisionProcessor.swift; path = CatLocal/Core/Services/CatVisionProcessor.swift; sourceTree = "<group>"; };
/* End PBXFileReference section */

/* Begin PBXFrameworksBuildPhase section */
		6120F3774A6B26FB266C3310 /* Frameworks */ = {
			isa = PBXFrameworksBuildPhase;
			buildActionMask = 2147483647;
			files = (
				A51BF322F9A811A7B3A601F0 /* Foundation.framework in Frameworks */,
			);
			runOnlyForDeploymentPostprocessing = 0;
		};
		AE3E930EB7D1B5DCF8C46A0A /* Frameworks */ = {
			isa = PBXFrameworksBuildPhase;
			buildActionMask = 2147483647;
			files = (
				6FC5B067FF532B333FABD953 /* Foundation.framework in Frameworks */,
			);
			runOnlyForDeploymentPostprocessing = 0;
		};
		E4704321A577AE49ABBF272C /* Frameworks */ = {
			isa = PBXFrameworksBuildPhase;
			buildActionMask = 2147483647;
			files = (
				2E7D726961D0C1A0F250F3A1 /* Foundation.framework in Frameworks */,
			);
			runOnlyForDeploymentPostprocessing = 0;
		};
/* End PBXFrameworksBuildPhase section */

/* Begin PBXGroup section */
		442345A2C5CC9A905E052CF5 = {
			isa = PBXGroup;
			children = (
				A00000000000000000000001 /* App */,
				A00000000000000000000002 /* Core */,
				A00000000000000000000005 /* Features */,
				A00000000000000000000009 /* Shared */,
				A00000000000000000000014 /* Resources */,
				A00000000000000000000015 /* Tests */,
				CEFF255F458A45847CE5966D /* Products */,
				4D238D6D2E24B80F5C74FFA8 /* Frameworks */,
			);
			sourceTree = "<group>";
		};
		4D238D6D2E24B80F5C74FFA8 /* Frameworks */ = {
			isa = PBXGroup;
			children = (
				F8790464973781B4AE1B7030 /* iOS */,
			);
			name = Frameworks;
			sourceTree = "<group>";
		};
		A00000000000000000000001 /* App */ = {
			isa = PBXGroup;
			children = (
				683862D5532B40306057D2FC /* CatLocalApp.swift */,
				C8B964E0402B2EFBC1640AA3 /* RootView.swift */,
			);
			name = App;
			sourceTree = "<group>";
		};
		A00000000000000000000002 /* Core */ = {
			isa = PBXGroup;
			children = (
				A00000000000000000000003 /* Models */,
				A00000000000000000000004 /* Services */,
			);
			name = Core;
			sourceTree = "<group>";
		};
		A00000000000000000000003 /* Models */ = {
			isa = PBXGroup;
			children = (
				F4BAC1D9BEDD36E357BB086E /* CatRecord.swift */,
			);
			name = Models;
			sourceTree = "<group>";
		};
		A00000000000000000000004 /* Services */ = {
			isa = PBXGroup;
			children = (
				43A3A8DDF9E12EB996E7D22C /* CameraController.swift */,
				85591EB21ABD2F35EF504327 /* CatImageStore.swift */,
				FEAFBCFBDEEE3B140EB0F707 /* CatVisionProcessor.swift */,
			);
			name = Services;
			sourceTree = "<group>";
		};
		A00000000000000000000005 /* Features */ = {
			isa = PBXGroup;
			children = (
				B00000000000000000000005 /* Onboarding */,
				A00000000000000000000006 /* Capture */,
				A00000000000000000000007 /* Collection */,
				A00000000000000000000008 /* Settings */,
			);
			name = Features;
			sourceTree = "<group>";
		};
		A00000000000000000000006 /* Capture */ = {
			isa = PBXGroup;
			children = (
				872CE0A98DC98769A19E8C4F /* CaptureView.swift */,
			);
			name = Capture;
			sourceTree = "<group>";
		};
		A00000000000000000000007 /* Collection */ = {
			isa = PBXGroup;
			children = (
				F2FBE7F3793602ECCC9827A9 /* CollectionView.swift */,
			);
			name = Collection;
			sourceTree = "<group>";
		};
		A00000000000000000000008 /* Settings */ = {
			isa = PBXGroup;
			children = (
				4DD6277F493A6531139863AF /* SettingsView.swift */,
			);
			name = Settings;
			sourceTree = "<group>";
		};
		A00000000000000000000009 /* Shared */ = {
			isa = PBXGroup;
			children = (
				A00000000000000000000010 /* DesignSystem */,
				A00000000000000000000011 /* UI */,
			);
			name = Shared;
			sourceTree = "<group>";
		};
		A00000000000000000000010 /* DesignSystem */ = {
			isa = PBXGroup;
			children = (
				2B34D0EFB9539E239D6122F2 /* CatLocalTheme.swift */,
			);
			name = DesignSystem;
			sourceTree = "<group>";
		};
		A00000000000000000000011 /* UI */ = {
			isa = PBXGroup;
			children = (
				A00000000000000000000012 /* Card */,
				A00000000000000000000013 /* Effects */,
				A00000000000000000000016 /* Images */,
				A10C1F000000000000000010 /* Loci */,
			);
			name = UI;
			sourceTree = "<group>";
		};
		A00000000000000000000012 /* Card */ = {
			isa = PBXGroup;
			children = (
				EFDD8B2A8E859982240AAF1B /* CatCardView.swift */,
				D58C11AD2A0BE295FE2FDE73 /* FocusedCardView.swift */,
				A10C1F000000000000000008 /* CatLocalCardSkeletonView.swift */,
			);
			name = Card;
			sourceTree = "<group>";
		};
		A00000000000000000000013 /* Effects */ = {
			isa = PBXGroup;
			children = (
				C22F46EC2FEBDC6F00385C0F /* LiveInteractiveCardView.swift */,
				D1A7C0DE0000000000000002 /* DustingRevealView.swift */,
				D1A7C0E00000000000000002 /* DustRevealShaders.metal */,
				D1A7C0DF0000000000000002 /* CardMintingSuccessView.swift */,
			);
			name = Effects;
			sourceTree = "<group>";
		};
		A00000000000000000000014 /* Resources */ = {
			isa = PBXGroup;
			children = (
				D9A100000000000000000003 /* AppIcon.icon */,
				5C0C1CE8A57605EDE232C146 /* Assets.xcassets */,
				D9A100000000000000000001 /* PrivacyInfo.xcprivacy */,
			);
			name = Resources;
			sourceTree = "<group>";
		};
		A00000000000000000000015 /* Tests */ = {
			isa = PBXGroup;
			children = (
				DDEA3652F9D08C3C1F43DC5B /* CatLocalCoreTests.swift */,
				9F01F95B5EC6531850C07090 /* CatLocalUITests.swift */,
			);
			name = Tests;
			sourceTree = "<group>";
		};
		A00000000000000000000016 /* Images */ = {
			isa = PBXGroup;
			children = (
				A2FC4E54CFCDDB8993A0999A /* StoredImageView.swift */,
			);
			name = Images;
			sourceTree = "<group>";
		};
		A10C1F000000000000000010 /* Loci */ = {
			isa = PBXGroup;
			children = (
				A10C1F000000000000000001 /* LociPose.swift */,
				A10C1F000000000000000002 /* LociMascotAnimation.swift */,
				A10C1F000000000000000003 /* LociContext.swift */,
				A10C1F000000000000000004 /* LociMascotView.swift */,
				A10C1F000000000000000005 /* LociCardHeroScene.swift */,
				A10C1F000000000000000006 /* LociStateView.swift */,
			);
			name = Loci;
			sourceTree = "<group>";
		};
		B00000000000000000000005 /* Onboarding */ = {
			isa = PBXGroup;
			children = (
				B00000000000000000000001 /* OnboardingView.swift */,
			);
			name = Onboarding;
			sourceTree = "<group>";
		};
		CEFF255F458A45847CE5966D /* Products */ = {
			isa = PBXGroup;
			children = (
				8C47EA3464B1FBC2455EE014 /* CatLocal.app */,
				89C160CA64DB03DC6DEC2A8E /* CatLocalTests.xctest */,
				9F13918D6D9901DE5CBD9D7F /* CatLocalUITests.xctest */,
			);
			name = Products;
			sourceTree = "<group>";
		};
		F8790464973781B4AE1B7030 /* iOS */ = {
			isa = PBXGroup;
			children = (
				967BEF2D565B94E8EC6F4EF3 /* Foundation.framework */,
			);
			name = iOS;
			sourceTree = "<group>";
		};
/* End PBXGroup section */

/* Begin PBXNativeTarget section */
		4C345592E23D19C862941792 /* CatLocal */ = {
			isa = PBXNativeTarget;
			buildConfigurationList = 903BD78BF66722FC7D97B6AA /* Build configuration list for PBXNativeTarget "CatLocal" */;
			buildPhases = (
				88C0E424146C5BD83F272707 /* Sources */,
				E4704321A577AE49ABBF272C /* Frameworks */,
				C0B828E46D21E8A521D7F927 /* Resources */,
			);
			buildRules = (
			);
			dependencies = (
			);
			name = CatLocal;
			productName = CatLocal;
			productReference = 8C47EA3464B1FBC2455EE014 /* CatLocal.app */;
			productType = "com.apple.product-type.application";
		};
		5C45A023E229E099F4C49D51 /* CatLocalTests */ = {
			isa = PBXNativeTarget;
			buildConfigurationList = 10285D8C5904AF38A3126022 /* Build configuration list for PBXNativeTarget "CatLocalTests" */;
			buildPhases = (
				0169F8DD152B1A5CE1376974 /* Sources */,
				AE3E930EB7D1B5DCF8C46A0A /* Frameworks */,
				952E7252F4F7B5D0D7711021 /* Resources */,
			);
			buildRules = (
			);
			dependencies = (
				91E3EA12CBBD836B0E26E464 /* PBXTargetDependency */,
			);
			name = CatLocalTests;
			productName = CatLocalTests;
			productReference = 89C160CA64DB03DC6DEC2A8E /* CatLocalTests.xctest */;
			productType = "com.apple.product-type.bundle.unit-test";
		};
		E7B6FAD7225BBCC53AC87D23 /* CatLocalUITests */ = {
			isa = PBXNativeTarget;
			buildConfigurationList = 689FBECC79539AB51EB6C5C0 /* Build configuration list for PBXNativeTarget "CatLocalUITests" */;
			buildPhases = (
				809BAB177668315774260E1E /* Sources */,
				6120F3774A6B26FB266C3310 /* Frameworks */,
				5F20C17A9F7B1B0E933D72C4 /* Resources */,
			);
			buildRules = (
			);
			dependencies = (
				5CCBF863C2DF7FA801E5049D /* PBXTargetDependency */,
			);
			name = CatLocalUITests;
			productName = CatLocalUITests;
			productReference = 9F13918D6D9901DE5CBD9D7F /* CatLocalUITests.xctest */;
			productType = "com.apple.product-type.bundle.ui-testing";
		};
/* End PBXNativeTarget section */

/* Begin PBXProject section */
		9F330F157DB25C309FA6F45C /* Project object */ = {
			isa = PBXProject;
			attributes = {
				LastSwiftUpdateCheck = 1600;
				LastUpgradeCheck = 1600;
				TargetAttributes = {
					4C345592E23D19C862941792 = {
						DevelopmentTeam = 5SN9TWDXQ4;
						ProvisioningStyle = Automatic;
					};
					5C45A023E229E099F4C49D51 = {
						DevelopmentTeam = 5SN9TWDXQ4;
					};
					E7B6FAD7225BBCC53AC87D23 = {
						DevelopmentTeam = 5SN9TWDXQ4;
					};
				};
			};
			buildConfigurationList = DC7DD92DE5287F6CA1BFABF6 /* Build configuration list for PBXProject "CatLocal" */;
			compatibilityVersion = "Xcode 3.2";
			developmentRegion = en;
			hasScannedForEncodings = 0;
			knownRegions = (
				en,
				Base,
			);
			mainGroup = 442345A2C5CC9A905E052CF5;
			productRefGroup = CEFF255F458A45847CE5966D /* Products */;
			projectDirPath = "";
			projectRoot = "";
			targets = (
				4C345592E23D19C862941792 /* CatLocal */,
				5C45A023E229E099F4C49D51 /* CatLocalTests */,
				E7B6FAD7225BBCC53AC87D23 /* CatLocalUITests */,
			);
		};
/* End PBXProject section */

/* Begin PBXResourcesBuildPhase section */
		5F20C17A9F7B1B0E933D72C4 /* Resources */ = {
			isa = PBXResourcesBuildPhase;
			buildActionMask = 2147483647;
			files = (
			);
			runOnlyForDeploymentPostprocessing = 0;
		};
		952E7252F4F7B5D0D7711021 /* Resources */ = {
			isa = PBXResourcesBuildPhase;
			buildActionMask = 2147483647;
			files = (
			);
			runOnlyForDeploymentPostprocessing = 0;
		};
		C0B828E46D21E8A521D7F927 /* Resources */ = {
			isa = PBXResourcesBuildPhase;
			buildActionMask = 2147483647;
			files = (
				D9A100000000000000000004 /* AppIcon.icon in Resources */,
				D9A100000000000000000002 /* PrivacyInfo.xcprivacy in Resources */,
			);
			runOnlyForDeploymentPostprocessing = 0;
		};
/* End PBXResourcesBuildPhase section */

/* Begin PBXSourcesBuildPhase section */
		0169F8DD152B1A5CE1376974 /* Sources */ = {
			isa = PBXSourcesBuildPhase;
			buildActionMask = 2147483647;
			files = (
				F3D62FB694EA4B9B098653C8 /* CatLocalCoreTests.swift in Sources */,
			);
			runOnlyForDeploymentPostprocessing = 0;
		};
		809BAB177668315774260E1E /* Sources */ = {
			isa = PBXSourcesBuildPhase;
			buildActionMask = 2147483647;
			files = (
				FAA0C6C0FC0555510763A31F /* CatLocalUITests.swift in Sources */,
			);
			runOnlyForDeploymentPostprocessing = 0;
		};
		88C0E424146C5BD83F272707 /* Sources */ = {
			isa = PBXSourcesBuildPhase;
			buildActionMask = 2147483647;
			files = (
				A1069F8537A27BFAD0DCDFD1 /* CatLocalApp.swift in Sources */,
				BA93CEB9F3312E542294D25B /* RootView.swift in Sources */,
				B00000000000000000000002 /* OnboardingView.swift in Sources */,
				4A31E0703AD4C8BD186596FE /* CatCardView.swift in Sources */,
				C22F46ED2FEBDC7400385C0F /* LiveInteractiveCardView.swift in Sources */,
				A40767F8673B5D8FF238D313 /* FocusedCardView.swift in Sources */,
				A10C1F000000000000000011 /* LociPose.swift in Sources */,
				A10C1F000000000000000012 /* LociMascotAnimation.swift in Sources */,
				A10C1F000000000000000013 /* LociContext.swift in Sources */,
				A10C1F000000000000000014 /* LociMascotView.swift in Sources */,
				A10C1F000000000000000015 /* LociCardHeroScene.swift in Sources */,
				A10C1F000000000000000016 /* LociStateView.swift in Sources */,
				A10C1F000000000000000018 /* CatLocalCardSkeletonView.swift in Sources */,
				D1A7C0DE0000000000000001 /* DustingRevealView.swift in Sources */,
				D1A7C0E00000000000000001 /* DustRevealShaders.metal in Sources */,
				D1A7C0DF0000000000000001 /* CardMintingSuccessView.swift in Sources */,
				25EBED58CBB7EFA817A27B0D /* StoredImageView.swift in Sources */,
				2A49D47A846EC868D709E4E6 /* CaptureView.swift in Sources */,
				8F847FED1F5449C0F43A9747 /* CollectionView.swift in Sources */,
				FC94F24335207D1097802B52 /* SettingsView.swift in Sources */,
				9137CE1F99BC861E1406F6A1 /* CatRecord.swift in Sources */,
				719658CD6B4B2F4F6A26FB22 /* CameraController.swift in Sources */,
				916D253087912F72BBC53ADC /* CatImageStore.swift in Sources */,
				C982ADF153B9B1AF278AD467 /* CatVisionProcessor.swift in Sources */,
				F520AAC5A08D2F036EA19216 /* CatLocalTheme.swift in Sources */,
				355052060807A9142F13B2C1 /* Assets.xcassets in Sources */,
			);
			runOnlyForDeploymentPostprocessing = 0;
		};
/* End PBXSourcesBuildPhase section */

/* Begin PBXTargetDependency section */
		5CCBF863C2DF7FA801E5049D /* PBXTargetDependency */ = {
			isa = PBXTargetDependency;
			name = CatLocal;
			target = 4C345592E23D19C862941792 /* CatLocal */;
			targetProxy = 9F85F263B6089829D3CC3419 /* PBXContainerItemProxy */;
		};
		91E3EA12CBBD836B0E26E464 /* PBXTargetDependency */ = {
			isa = PBXTargetDependency;
			name = CatLocal;
			target = 4C345592E23D19C862941792 /* CatLocal */;
			targetProxy = B8E16820134D27BE3C478258 /* PBXContainerItemProxy */;
		};
/* End PBXTargetDependency section */

/* Begin XCBuildConfiguration section */
		15E97F912A029D1AED8AB094 /* Release */ = {
			isa = XCBuildConfiguration;
			buildSettings = {
				ALWAYS_SEARCH_USER_PATHS = NO;
				CLANG_ANALYZER_NONNULL = YES;
				CLANG_ANALYZER_NUMBER_OBJECT_CONVERSION = YES_AGGRESSIVE;
				CLANG_CXX_LANGUAGE_STANDARD = "gnu++14";
				CLANG_CXX_LIBRARY = "libc++";
				CLANG_ENABLE_MODULES = YES;
				CLANG_ENABLE_OBJC_ARC = YES;
				CLANG_ENABLE_OBJC_WEAK = YES;
				CLANG_WARN_BLOCK_CAPTURE_AUTORELEASING = YES;
				CLANG_WARN_BOOL_CONVERSION = YES;
				CLANG_WARN_COMMA = YES;
				CLANG_WARN_CONSTANT_CONVERSION = YES;
				CLANG_WARN_DEPRECATED_OBJC_IMPLEMENTATIONS = YES;
				CLANG_WARN_DIRECT_OBJC_ISA_USAGE = YES_ERROR;
				CLANG_WARN_DOCUMENTATION_COMMENTS = YES;
				CLANG_WARN_EMPTY_BODY = YES;
				CLANG_WARN_ENUM_CONVERSION = YES;
				CLANG_WARN_INFINITE_RECURSION = YES;
				CLANG_WARN_INT_CONVERSION = YES;
				CLANG_WARN_NON_LITERAL_NULL_CONVERSION = YES;
				CLANG_WARN_OBJC_IMPLICIT_RETAIN_SELF = YES;
				CLANG_WARN_OBJC_LITERAL_CONVERSION = YES;
				CLANG_WARN_OBJC_ROOT_CLASS = YES_ERROR;
				CLANG_WARN_QUOTED_INCLUDE_IN_FRAMEWORK_HEADER = YES;
				CLANG_WARN_RANGE_LOOP_ANALYSIS = YES;
				CLANG_WARN_STRICT_PROTOTYPES = YES;
				CLANG_WARN_SUSPICIOUS_MOVE = YES;
				CLANG_WARN_UNGUARDED_AVAILABILITY = YES_AGGRESSIVE;
				CLANG_WARN_UNREACHABLE_CODE = YES;
				CLANG_WARN__DUPLICATE_METHOD_MATCH = YES;
				COPY_PHASE_STRIP = NO;
				DEBUG_INFORMATION_FORMAT = "dwarf-with-dsym";
				ENABLE_NS_ASSERTIONS = NO;
				ENABLE_STRICT_OBJC_MSGSEND = YES;
				GCC_C_LANGUAGE_STANDARD = gnu11;
				GCC_NO_COMMON_BLOCKS = YES;
				GCC_WARN_64_TO_32_BIT_CONVERSION = YES;
				GCC_WARN_ABOUT_RETURN_TYPE = YES_ERROR;
				GCC_WARN_UNDECLARED_SELECTOR = YES;
				GCC_WARN_UNINITIALIZED_AUTOS = YES_AGGRESSIVE;
				GCC_WARN_UNUSED_FUNCTION = YES;
				GCC_WARN_UNUSED_VARIABLE = YES;
				IPHONEOS_DEPLOYMENT_TARGET = 18.0;
				MTL_ENABLE_DEBUG_INFO = NO;
				MTL_FAST_MATH = YES;
				PRODUCT_NAME = "$(TARGET_NAME)";
				SWIFT_OPTIMIZATION_LEVEL = "-Owholemodule";
				SWIFT_STRICT_CONCURRENCY = complete;
				SWIFT_VERSION = 6.0;
			};
			name = Release;
		};
		31B9CBD2CBED15EB68570D0A /* Debug */ = {
			isa = XCBuildConfiguration;
			buildSettings = {
				CLANG_ENABLE_OBJC_WEAK = NO;
				DEVELOPMENT_TEAM = 5SN9TWDXQ4;
				GENERATE_INFOPLIST_FILE = YES;
				IPHONEOS_DEPLOYMENT_TARGET = 18.0;
				PRODUCT_BUNDLE_IDENTIFIER = app.catlocal.ios.uitests;
				SDKROOT = iphoneos;
				TEST_TARGET_NAME = CatLocal;
			};
			name = Debug;
		};
		3393EA336EEC7A7F9712F64A /* Debug */ = {
			isa = XCBuildConfiguration;
			buildSettings = {
				ALWAYS_SEARCH_USER_PATHS = NO;
				CLANG_ANALYZER_NONNULL = YES;
				CLANG_ANALYZER_NUMBER_OBJECT_CONVERSION = YES_AGGRESSIVE;
				CLANG_CXX_LANGUAGE_STANDARD = "gnu++14";
				CLANG_CXX_LIBRARY = "libc++";
				CLANG_ENABLE_MODULES = YES;
				CLANG_ENABLE_OBJC_ARC = YES;
				CLANG_ENABLE_OBJC_WEAK = YES;
				CLANG_WARN_BLOCK_CAPTURE_AUTORELEASING = YES;
				CLANG_WARN_BOOL_CONVERSION = YES;
				CLANG_WARN_COMMA = YES;
				CLANG_WARN_CONSTANT_CONVERSION = YES;
				CLANG_WARN_DEPRECATED_OBJC_IMPLEMENTATIONS = YES;
				CLANG_WARN_DIRECT_OBJC_ISA_USAGE = YES_ERROR;
				CLANG_WARN_DOCUMENTATION_COMMENTS = YES;
				CLANG_WARN_EMPTY_BODY = YES;
				CLANG_WARN_ENUM_CONVERSION = YES;
				CLANG_WARN_INFINITE_RECURSION = YES;
				CLANG_WARN_INT_CONVERSION = YES;
				CLANG_WARN_NON_LITERAL_NULL_CONVERSION = YES;
				CLANG_WARN_OBJC_IMPLICIT_RETAIN_SELF = YES;
				CLANG_WARN_OBJC_LITERAL_CONVERSION = YES;
				CLANG_WARN_OBJC_ROOT_CLASS = YES_ERROR;
				CLANG_WARN_QUOTED_INCLUDE_IN_FRAMEWORK_HEADER = YES;
				CLANG_WARN_RANGE_LOOP_ANALYSIS = YES;
				CLANG_WARN_STRICT_PROTOTYPES = YES;
				CLANG_WARN_SUSPICIOUS_MOVE = YES;
				CLANG_WARN_UNGUARDED_AVAILABILITY = YES_AGGRESSIVE;
				CLANG_WARN_UNREACHABLE_CODE = YES;
				CLANG_WARN__DUPLICATE_METHOD_MATCH = YES;
				COPY_PHASE_STRIP = NO;
				DEBUG_INFORMATION_FORMAT = dwarf;
				ENABLE_STRICT_OBJC_MSGSEND = YES;
				ENABLE_TESTABILITY = YES;
				GCC_C_LANGUAGE_STANDARD = gnu11;
				GCC_DYNAMIC_NO_PIC = NO;
				GCC_NO_COMMON_BLOCKS = YES;
				GCC_OPTIMIZATION_LEVEL = 0;
				GCC_PREPROCESSOR_DEFINITIONS = (
					"DEBUG=1",
					"$(inherited)",
				);
				GCC_WARN_64_TO_32_BIT_CONVERSION = YES;
				GCC_WARN_ABOUT_RETURN_TYPE = YES_ERROR;
				GCC_WARN_UNDECLARED_SELECTOR = YES;
				GCC_WARN_UNINITIALIZED_AUTOS = YES_AGGRESSIVE;
				GCC_WARN_UNUSED_FUNCTION = YES;
				GCC_WARN_UNUSED_VARIABLE = YES;
				IPHONEOS_DEPLOYMENT_TARGET = 18.0;
				MTL_ENABLE_DEBUG_INFO = INCLUDE_SOURCE;
				MTL_FAST_MATH = YES;
				ONLY_ACTIVE_ARCH = YES;
				PRODUCT_NAME = "$(TARGET_NAME)";
				SWIFT_ACTIVE_COMPILATION_CONDITIONS = DEBUG;
				SWIFT_OPTIMIZATION_LEVEL = "-Onone";
				SWIFT_STRICT_CONCURRENCY = complete;
				SWIFT_VERSION = 6.0;
			};
			name = Debug;
		};
		45D397EB4761BFA7DA1803DA /* Release */ = {
			isa = XCBuildConfiguration;
			buildSettings = {
				ASSETCATALOG_COMPILER_APPICON_NAME = AppIcon;
				ASSETCATALOG_COMPILER_GLOBAL_ACCENT_COLOR_NAME = AccentColor;
				CLANG_ENABLE_OBJC_WEAK = NO;
				CODE_SIGN_STYLE = Automatic;
				CURRENT_PROJECT_VERSION = 1;
				DEVELOPMENT_TEAM = 5SN9TWDXQ4;
				GENERATE_INFOPLIST_FILE = YES;
				INFOPLIST_KEY_CFBundleDisplayName = CatLocal;
				INFOPLIST_KEY_LSApplicationCategoryType = "public.app-category.lifestyle";
				INFOPLIST_KEY_NSCameraUsageDescription = "CatLocal uses the camera to create private cat cards on this iPhone.";
				INFOPLIST_KEY_NSPhotoLibraryUsageDescription = "CatLocal imports photos you choose to create private cat cards on this iPhone.";
				INFOPLIST_KEY_UIApplicationSceneManifest_Generation = YES;
				INFOPLIST_KEY_UIApplicationSupportsIndirectInputEvents = YES;
				INFOPLIST_KEY_UILaunchScreen_Generation = YES;
				INFOPLIST_KEY_UISupportedInterfaceOrientations_iPhone = UIInterfaceOrientationPortrait;
				IPHONEOS_DEPLOYMENT_TARGET = 18.0;
				LD_RUNPATH_SEARCH_PATHS = "$(inherited) @executable_path/Frameworks";
				MARKETING_VERSION = 0.1;
				PRODUCT_BUNDLE_IDENTIFIER = app.catlocal.ios;
				PRODUCT_NAME = "$(TARGET_NAME)";
				SDKROOT = iphoneos;
				SUPPORTS_MACCATALYST = NO;
				TARGETED_DEVICE_FAMILY = 1;
				VALIDATE_PRODUCT = YES;
			};
			name = Release;
		};
		8AB833F3A27E81DDA4AE20D6 /* Release */ = {
			isa = XCBuildConfiguration;
			buildSettings = {
				CLANG_ENABLE_OBJC_WEAK = NO;
				DEVELOPMENT_TEAM = 5SN9TWDXQ4;
				GENERATE_INFOPLIST_FILE = YES;
				IPHONEOS_DEPLOYMENT_TARGET = 18.0;
				PRODUCT_BUNDLE_IDENTIFIER = app.catlocal.ios.uitests;
				SDKROOT = iphoneos;
				TEST_TARGET_NAME = CatLocal;
				VALIDATE_PRODUCT = YES;
			};
			name = Release;
		};
		A3A36AE6AA25504D8DE6A82F /* Debug */ = {
			isa = XCBuildConfiguration;
			buildSettings = {
				ASSETCATALOG_COMPILER_APPICON_NAME = AppIcon;
				ASSETCATALOG_COMPILER_GLOBAL_ACCENT_COLOR_NAME = AccentColor;
				CLANG_ENABLE_OBJC_WEAK = NO;
				CODE_SIGN_STYLE = Automatic;
				CURRENT_PROJECT_VERSION = 1;
				DEVELOPMENT_TEAM = 5SN9TWDXQ4;
				GENERATE_INFOPLIST_FILE = YES;
				INFOPLIST_KEY_CFBundleDisplayName = CatLocal;
				INFOPLIST_KEY_LSApplicationCategoryType = "public.app-category.lifestyle";
				INFOPLIST_KEY_NSCameraUsageDescription = "CatLocal uses the camera to create private cat cards on this iPhone.";
				INFOPLIST_KEY_NSPhotoLibraryUsageDescription = "CatLocal imports photos you choose to create private cat cards on this iPhone.";
				INFOPLIST_KEY_UIApplicationSceneManifest_Generation = YES;
				INFOPLIST_KEY_UIApplicationSupportsIndirectInputEvents = YES;
				INFOPLIST_KEY_UILaunchScreen_Generation = YES;
				INFOPLIST_KEY_UISupportedInterfaceOrientations_iPhone = UIInterfaceOrientationPortrait;
				IPHONEOS_DEPLOYMENT_TARGET = 18.0;
				LD_RUNPATH_SEARCH_PATHS = "$(inherited) @executable_path/Frameworks";
				MARKETING_VERSION = 0.1;
				PRODUCT_BUNDLE_IDENTIFIER = app.catlocal.ios;
				PRODUCT_NAME = "$(TARGET_NAME)";
				SDKROOT = iphoneos;
				SUPPORTS_MACCATALYST = NO;
				TARGETED_DEVICE_FAMILY = 1;
			};
			name = Debug;
		};
		A774DFC51F209ED53CCC6802 /* Debug */ = {
			isa = XCBuildConfiguration;
			buildSettings = {
				BUNDLE_LOADER = "$(TEST_HOST)";
				CLANG_ENABLE_OBJC_WEAK = NO;
				DEVELOPMENT_TEAM = 5SN9TWDXQ4;
				GENERATE_INFOPLIST_FILE = YES;
				IPHONEOS_DEPLOYMENT_TARGET = 18.0;
				PRODUCT_BUNDLE_IDENTIFIER = app.catlocal.ios.tests;
				SDKROOT = iphoneos;
				TEST_HOST = "$(BUILT_PRODUCTS_DIR)/CatLocal.app/$(BUNDLE_EXECUTABLE_FOLDER_PATH)/CatLocal";
			};
			name = Debug;
		};
		AF84694306D204E74E8AB0EB /* Release */ = {
			isa = XCBuildConfiguration;
			buildSettings = {
				BUNDLE_LOADER = "$(TEST_HOST)";
				CLANG_ENABLE_OBJC_WEAK = NO;
				DEVELOPMENT_TEAM = 5SN9TWDXQ4;
				GENERATE_INFOPLIST_FILE = YES;
				IPHONEOS_DEPLOYMENT_TARGET = 18.0;
				PRODUCT_BUNDLE_IDENTIFIER = app.catlocal.ios.tests;
				SDKROOT = iphoneos;
				TEST_HOST = "$(BUILT_PRODUCTS_DIR)/CatLocal.app/$(BUNDLE_EXECUTABLE_FOLDER_PATH)/CatLocal";
				VALIDATE_PRODUCT = YES;
			};
			name = Release;
		};
/* End XCBuildConfiguration section */

/* Begin XCConfigurationList section */
		10285D8C5904AF38A3126022 /* Build configuration list for PBXNativeTarget "CatLocalTests" */ = {
			isa = XCConfigurationList;
			buildConfigurations = (
				AF84694306D204E74E8AB0EB /* Release */,
				A774DFC51F209ED53CCC6802 /* Debug */,
			);
			defaultConfigurationIsVisible = 0;
			defaultConfigurationName = Release;
		};
		689FBECC79539AB51EB6C5C0 /* Build configuration list for PBXNativeTarget "CatLocalUITests" */ = {
			isa = XCConfigurationList;
			buildConfigurations = (
				8AB833F3A27E81DDA4AE20D6 /* Release */,
				31B9CBD2CBED15EB68570D0A /* Debug */,
			);
			defaultConfigurationIsVisible = 0;
			defaultConfigurationName = Release;
		};
		903BD78BF66722FC7D97B6AA /* Build configuration list for PBXNativeTarget "CatLocal" */ = {
			isa = XCConfigurationList;
			buildConfigurations = (
				45D397EB4761BFA7DA1803DA /* Release */,
				A3A36AE6AA25504D8DE6A82F /* Debug */,
			);
			defaultConfigurationIsVisible = 0;
			defaultConfigurationName = Release;
		};
		DC7DD92DE5287F6CA1BFABF6 /* Build configuration list for PBXProject "CatLocal" */ = {
			isa = XCConfigurationList;
			buildConfigurations = (
				3393EA336EEC7A7F9712F64A /* Debug */,
				15E97F912A029D1AED8AB094 /* Release */,
			);
			defaultConfigurationIsVisible = 0;
			defaultConfigurationName = Release;
		};
/* End XCConfigurationList section */
	};
	rootObject = 9F330F157DB25C309FA6F45C /* Project object */;
}
